
Microsoft Visual Studio Solution File, Format Version 12.00
# Visual Studio Version 17
VisualStudioVersion = 17.5.002.0
MinimumVisualStudioVersion = 10.0.40219.1
Project("{9A19103F-16F7-4668-BE54-9A1E7A4F7556}") = "Library_MVC", "Library_MVC.csproj", "{DD24F5D2-6653-4077-80C6-F7D1B3D2D206}"
EndProject
Global
	GlobalSection(SolutionConfigurationPlatforms) = preSolution
		Debug|Any CPU = Debug|Any CPU
		Release|Any CPU = Release|Any CPU
	EndGlobalSection
	GlobalSection(ProjectConfigurationPlatforms) = postSolution
		{DD24F5D2-6653-4077-80C6-F7D1B3D2D206}.Debug|Any CPU.ActiveCfg = Debug|Any CPU
		{DD24F5D2-6653-4077-80C6-F7D1B3D2D206}.Debug|Any CPU.Build.0 = Debug|Any CPU
		{DD24F5D2-6653-4077-80C6-F7D1B3D2D206}.Release|Any CPU.ActiveCfg = Release|Any CPU
		{DD24F5D2-6653-4077-80C6-F7D1B3D2D206}.Release|Any CPU.Build.0 = Release|Any CPU
	EndGlobalSection
	GlobalSection(SolutionProperties) = preSolution
		HideSolutionNode = FALSE
	EndGlobalSection
	GlobalSection(ExtensibilityGlobals) = postSolution
		SolutionGuid = {7074C4F5-10C8-4F26-90C0-45ECA3AC3274}
	EndGlobalSection
EndGlobal
